{
  "object": {
    "pins": [
      {
        "package": "Half",
        "repositoryURL": "https://github.com/roxiemobile-forks/Half",
        "state": {
          "branch": null,
          "revision": "311e63e1cd432dd62cbc0c221f56b10c94b60c81",
          "version": "1.2.0-patch.1"
        }
      }
    ]
  },
  "version": 1
}
